PODS:
  - contactos (0.0.6):
    - Flutter
  - Flutter (1.0.0)
  - permission_handler_apple (9.3.0):
    - Flutter

DEPENDENCIES:
  - contactos (from `.symlinks/plugins/contactos/ios`)
  - Flutter (from `Flutter`)
  - permission_handler_apple (from `.symlinks/plugins/permission_handler_apple/ios`)

EXTERNAL SOURCES:
  contactos:
    :path: ".symlinks/plugins/contactos/ios"
  Flutter:
    :path: Flutter
  permission_handler_apple:
    :path: ".symlinks/plugins/permission_handler_apple/ios"

SPEC CHECKSUMS:
  contactos: 65ff06d777fd191621e9d84ad4fc13944ec3c552
  Flutter: e0871f40cf51350855a761d2e70bf5af5b9b5de7
  permission_handler_apple: 9878588469a2b0d0fc1e048d9f43605f92e6cec2

PODFILE CHECKSUM: 976fbd61d3587c3aa57026180fbf531c37194bf6

COCOAPODS: 1.16.2
